{
  "name": "plain-text-validator",
  "version": "0.0.1",
  "lockfileVersion": 1,
  "requires": true,
  "dependencies": {
    "emoji-aware": {
      "version": "3.0.5",
      "resolved": "https://npm-registry.yy.com/emoji-aware/download/emoji-aware-3.0.5.tgz",
      "integrity": "sha1-aaGp5J7sm/hdYBIyyFPKw/6kQ+s=",
      "requires": {
        "lodash.flattendeep": "^4.4.0",
        "parsimmon": "^1.13.0"
      }
    },
    "lodash.flattendeep": {
      "version": "4.4.0",
      "resolved": "https://npm-registry.yy.com/lodash.flattendeep/download/lodash.flattendeep-4.4.0.tgz",
      "integrity": "sha1-+wMJF/hqMTTlvJvsDWngAT3f7bI="
    },
    "parsimmon": {
      "version": "1.16.0",
      "resolved": "https://npm-registry.yy.com/parsimmon/download/parsimmon-1.16.0.tgz",
      "integrity": "sha1-KDTj22RbaoVasuoU+6rRDYKGfg8="
    },
    "typescript": {
      "version": "4.0.3",
      "resolved": "https://npm-registry.yy.com/typescript/download/typescript-4.0.3.tgz",
      "integrity": "sha1-FTu9Ro7wdyXB35x36LRT+NNqu6U="
    }
  }
}
